
Microsoft Visual Studio Solution File, Format Version 12.00
# Visual Studio Version 16
VisualStudioVersion = 16.0.33027.164
MinimumVisualStudioVersion = 10.0.40219.1
Project("{8BC9CEB8-8B4A-11D0-8D11-00A0C91BC942}") = "Project3", "Project3\Project3.vcxproj", "{FEBF9A32-E1A1-4F05-A2C8-1D5EE457449A}"
EndProject
Global
	GlobalSection(SolutionConfigurationPlatforms) = preSolution
		Debug|x64 = Debug|x64
		Debug|x86 = Debug|x86
		Release|x64 = Release|x64
		Release|x86 = Release|x86
	EndGlobalSection
	GlobalSection(ProjectConfigurationPlatforms) = postSolution
		{FEBF9A32-E1A1-4F05-A2C8-1D5EE457449A}.Debug|x64.ActiveCfg = Debug|x64
		{FEBF9A32-E1A1-4F05-A2C8-1D5EE457449A}.Debug|x64.Build.0 = Debug|x64
		{FEBF9A32-E1A1-4F05-A2C8-1D5EE457449A}.Debug|x86.ActiveCfg = Debug|Win32
		{FEBF9A32-E1A1-4F05-A2C8-1D5EE457449A}.Debug|x86.Build.0 = Debug|Win32
		{FEBF9A32-E1A1-4F05-A2C8-1D5EE457449A}.Release|x64.ActiveCfg = Release|x64
		{FEBF9A32-E1A1-4F05-A2C8-1D5EE457449A}.Release|x64.Build.0 = Release|x64
		{FEBF9A32-E1A1-4F05-A2C8-1D5EE457449A}.Release|x86.ActiveCfg = Release|Win32
		{FEBF9A32-E1A1-4F05-A2C8-1D5EE457449A}.Release|x86.Build.0 = Release|Win32
	EndGlobalSection
	GlobalSection(SolutionProperties) = preSolution
		HideSolutionNode = FALSE
	EndGlobalSection
	GlobalSection(ExtensibilityGlobals) = postSolution
		SolutionGuid = {7F50357A-A262-4A23-8A9B-883C29535852}
	EndGlobalSection
EndGlobal
